
Microsoft Visual Studio Solution File, Format Version 12.00
Project("{FAE04EC0-301F-11D3-BF4B-00C04F79EFBC}") = "StoreKit2Bindings", "StoreKit2Bindings\StoreKit2Bindings.csproj", "{67D97BAA-F2C8-4012-96FB-FD46B774544A}"
EndProject
Global
	GlobalSection(SolutionConfigurationPlatforms) = preSolution
		Debug|Any CPU = Debug|Any CPU
		Release|Any CPU = Release|Any CPU
	EndGlobalSection
	GlobalSection(ProjectConfigurationPlatforms) = postSolution
		{67D97BAA-F2C8-4012-96FB-FD46B774544A}.Debug|Any CPU.ActiveCfg = Debug|Any CPU
		{67D97BAA-F2C8-4012-96FB-FD46B774544A}.Debug|Any CPU.Build.0 = Debug|Any CPU
		{67D97BAA-F2C8-4012-96FB-FD46B774544A}.Release|Any CPU.ActiveCfg = Release|Any CPU
		{67D97BAA-F2C8-4012-96FB-FD46B774544A}.Release|Any CPU.Build.0 = Release|Any CPU
	EndGlobalSection
EndGlobal
